// !$*UTF8*$!
{
	archiveVersion = 1;
	classes = {
	};
	objectVersion = 77;
	objects = {

/* Begin PBXBuildFile section */
		1317922C2D59269500D14619 /* BitTrendWatchApp.app in Embed Watch Content */ = {isa = PBXBuildFile; fileRef = 131792092D59269400D14619 /* BitTrendWatchApp.app */; settings = {ATTRIBUTES = (RemoveHeadersOnCopy, ); }; };
/* End PBXBuildFile section */

/* Begin PBXContainerItemProxy section */
		1317922A2D59269500D14619 /* PBXContainerItemProxy */ = {
			isa = PBXContainerItemProxy;
			containerPortal = 13F8F8B02D4F741400446265 /* Project object */;
			proxyType = 1;
			remoteGlobalIDString = 131792082D59269400D14619;
			remoteInfo = BitTrendWatchApp;
		};
		13F8F8CA2D4F741500446265 /* PBXContainerItemProxy */ = {
			isa = PBXContainerItemProxy;
			containerPortal = 13F8F8B02D4F741400446265 /* Project object */;
			proxyType = 1;
			remoteGlobalIDString = 13F8F8B72D4F741400446265;
			remoteInfo = BitTrend;
		};
		13F8F8D42D4F741500446265 /* PBXContainerItemProxy */ = {
			isa = PBXContainerItemProxy;
			containerPortal = 13F8F8B02D4F741400446265 /* Project object */;
			proxyType = 1;
			remoteGlobalIDString = 13F8F8B72D4F741400446265;
			remoteInfo = BitTrend;
		};
/* End PBXContainerItemProxy section */

/* Begin PBXCopyFilesBuildPhase section */
		1317922D2D59269500D14619 /* Embed Watch Content */ = {
			isa = PBXCopyFilesBuildPhase;
			buildActionMask = 12;
			dstPath = "$(CONTENTS_FOLDER_PATH)/Watch";
			dstSubfolderSpec = 16;
			files = (
				1317922C2D59269500D14619 /* BitTrendWatchApp.app in Embed Watch Content */,
			);
			name = "Embed Watch Content";
			runOnlyForDeploymentPostprocessing = 0;
		};
/* End PBXCopyFilesBuildPhase section */

/* Begin PBXFileReference section */
		131792092D59269400D14619 /* BitTrendWatchApp.app */ = {isa = PBXFileReference; explicitFileType = wrapper.application; includeInIndex = 0; path = BitTrendWatchApp.app; sourceTree = BUILT_PRODUCTS_DIR; };
		13379ABD2D53A9C8003852A6 /* BitTrend.xctestplan */ = {isa = PBXFileReference; lastKnownFileType = text; path = BitTrend.xctestplan; sourceTree = "<group>"; };
		13F8F8B82D4F741400446265 /* BitTrend.app */ = {isa = PBXFileReference; explicitFileType = wrapper.application; includeInIndex = 0; path = BitTrend.app; sourceTree = BUILT_PRODUCTS_DIR; };
		13F8F8C92D4F741500446265 /* BitTrendTests.xctest */ = {isa = PBXFileReference; explicitFileType = wrapper.cfbundle; includeInIndex = 0; path = BitTrendTests.xctest; sourceTree = BUILT_PRODUCTS_DIR; };
		13F8F8D32D4F741500446265 /* BitTrendUITests.xctest */ = {isa = PBXFileReference; explicitFileType = wrapper.cfbundle; includeInIndex = 0; path = BitTrendUITests.xctest; sourceTree = BUILT_PRODUCTS_DIR; };
/* End PBXFileReference section */

/* Begin PBXFileSystemSynchronizedBuildFileExceptionSet section */
		1317936E2D592B0F00D14619 /* Exceptions for "BitTrend" folder in "BitTrendWatchApp" target */ = {
			isa = PBXFileSystemSynchronizedBuildFileExceptionSet;
			membershipExceptions = (
				Localizable.xcstrings,
				Model/ChartEntry.swift,
				Model/Coin.swift,
				Model/CoinDetail.swift,
				Model/CoinStore.swift,
				Model/Network/CancellableNetworkRequestLoader.swift,
				Model/Network/DTO/ChartDTO.swift,
				Model/Network/DTO/CoinDetailDTO.swift,
				Model/Network/DTO/CoinListMarketDTO.swift,
				Model/Network/DTO/NetworkEmptyDTO.swift,
				Model/Network/Mock/json/CoinDataRequest_success.json,
				Model/Network/Mock/json/CoinHistoricalChartDataRequest_empty.json,
				Model/Network/Mock/json/CoinHistoricalChartDataRequest_success.json,
				Model/Network/Mock/json/CoinListMarketRequest_empty.json,
				Model/Network/Mock/json/CoinListMarketRequest_success.json,
				Model/Network/Mock/MockURLProtocol.swift,
				Model/Network/NetworkError.swift,
				Model/Network/NetworkLogger.swift,
				Model/Network/NetworkRequestLoader.swift,
				Model/Network/NetworkSessionFactory.swift,
				Model/Network/Request/CoinDataRequest.swift,
				Model/Network/Request/CoinHistoricalChartDataRequest.swift,
				Model/Network/Request/CoinListMarketRequest.swift,
				Model/Network/Request/JSONNetworkRequest.swift,
				Model/Network/Request/NetworkRequest.swift,
				Model/Network/URLResponseValidator.swift,
				Model/Repository/CoinRepository.swift,
				Model/Repository/CoinRepositoryFactory.swift,
				Model/Repository/MockCoinRepository.swift,
				Model/Repository/NetworkCoinRepository.swift,
				Model/Service/MockReachabilityService.swift,
				Model/Service/NetworkReachabilityService.swift,
				Model/Service/ReachabilityService.swift,
				Model/Service/ReachabilityServiceFactory.swift,
				Model/Utility/AppData.swift,
				Model/Utility/Localization.swift,
				"Utility/String+Extension.swift",
				"Utility/Text+Extension.swift",
				View/BitTrendApp.swift,
				View/CoinDetailView.swift,
				View/CoinListView.swift,
				View/Components/Coin/CoinChartView.swift,
				View/Components/Coin/CoinImageView.swift,
				View/Components/PercentageIndicator.swift,
				View/Components/RankView.swift,
			);
			target = 131792082D59269400D14619 /* BitTrendWatchApp */;
		};
		13F8F8FF2D4F75F600446265 /* Exceptions for "BitTrend" folder in "BitTrend" target */ = {
			isa = PBXFileSystemSynchronizedBuildFileExceptionSet;
			membershipExceptions = (
				Info.plist,
			);
			target = 13F8F8B72D4F741400446265 /* BitTrend */;
		};
/* End PBXFileSystemSynchronizedBuildFileExceptionSet section */

/* Begin PBXFileSystemSynchronizedRootGroup section */
		1317920A2D59269400D14619 /* BitTrendWatchApp */ = {
			isa = PBXFileSystemSynchronizedRootGroup;
			path = BitTrendWatchApp;
			sourceTree = "<group>";
		};
		13F8F8BA2D4F741400446265 /* BitTrend */ = {
			isa = PBXFileSystemSynchronizedRootGroup;
			exceptions = (
				13F8F8FF2D4F75F600446265 /* Exceptions for "BitTrend" folder in "BitTrend" target */,
				1317936E2D592B0F00D14619 /* Exceptions for "BitTrend" folder in "BitTrendWatchApp" target */,
			);
			path = BitTrend;
			sourceTree = "<group>";
		};
		13F8F8CC2D4F741500446265 /* BitTrendTests */ = {
			isa = PBXFileSystemSynchronizedRootGroup;
			path = BitTrendTests;
			sourceTree = "<group>";
		};
		13F8F8D62D4F741500446265 /* BitTrendUITests */ = {
			isa = PBXFileSystemSynchronizedRootGroup;
			path = BitTrendUITests;
			sourceTree = "<group>";
		};
/* End PBXFileSystemSynchronizedRootGroup section */

/* Begin PBXFrameworksBuildPhase section */
		131792062D59269400D14619 /* Frameworks */ = {
			isa = PBXFrameworksBuildPhase;
			buildActionMask = 2147483647;
			files = (
			);
			runOnlyForDeploymentPostprocessing = 0;
		};
		13F8F8B52D4F741400446265 /* Frameworks */ = {
			isa = PBXFrameworksBuildPhase;
			buildActionMask = 2147483647;
			files = (
			);
			runOnlyForDeploymentPostprocessing = 0;
		};
		13F8F8C62D4F741500446265 /* Frameworks */ = {
			isa = PBXFrameworksBuildPhase;
			buildActionMask = 2147483647;
			files = (
			);
			runOnlyForDeploymentPostprocessing = 0;
		};
		13F8F8D02D4F741500446265 /* Frameworks */ = {
			isa = PBXFrameworksBuildPhase;
			buildActionMask = 2147483647;
			files = (
			);
			runOnlyForDeploymentPostprocessing = 0;
		};
/* End PBXFrameworksBuildPhase section */

/* Begin PBXGroup section */
		13F8F8AF2D4F741400446265 = {
			isa = PBXGroup;
			children = (
				13379ABD2D53A9C8003852A6 /* BitTrend.xctestplan */,
				13F8F8BA2D4F741400446265 /* BitTrend */,
				13F8F8CC2D4F741500446265 /* BitTrendTests */,
				13F8F8D62D4F741500446265 /* BitTrendUITests */,
				1317920A2D59269400D14619 /* BitTrendWatchApp */,
				13F8F8B92D4F741400446265 /* Products */,
			);
			sourceTree = "<group>";
		};
		13F8F8B92D4F741400446265 /* Products */ = {
			isa = PBXGroup;
			children = (
				13F8F8B82D4F741400446265 /* BitTrend.app */,
				13F8F8C92D4F741500446265 /* BitTrendTests.xctest */,
				13F8F8D32D4F741500446265 /* BitTrendUITests.xctest */,
				131792092D59269400D14619 /* BitTrendWatchApp.app */,
			);
			name = Products;
			sourceTree = "<group>";
		};
/* End PBXGroup section */

/* Begin PBXNativeTarget section */
		131792082D59269400D14619 /* BitTrendWatchApp */ = {
			isa = PBXNativeTarget;
			buildConfigurationList = 131792342D59269500D14619 /* Build configuration list for PBXNativeTarget "BitTrendWatchApp" */;
			buildPhases = (
				131792052D59269400D14619 /* Sources */,
				131792062D59269400D14619 /* Frameworks */,
				131792072D59269400D14619 /* Resources */,
			);
			buildRules = (
			);
			dependencies = (
			);
			fileSystemSynchronizedGroups = (
				1317920A2D59269400D14619 /* BitTrendWatchApp */,
			);
			name = BitTrendWatchApp;
			packageProductDependencies = (
			);
			productName = BitTrendWatchApp;
			productReference = 131792092D59269400D14619 /* BitTrendWatchApp.app */;
			productType = "com.apple.product-type.application";
		};
		13F8F8B72D4F741400446265 /* BitTrend */ = {
			isa = PBXNativeTarget;
			buildConfigurationList = 13F8F8DD2D4F741500446265 /* Build configuration list for PBXNativeTarget "BitTrend" */;
			buildPhases = (
				13F8F8B42D4F741400446265 /* Sources */,
				13F8F8B52D4F741400446265 /* Frameworks */,
				13F8F8B62D4F741400446265 /* Resources */,
				1317922D2D59269500D14619 /* Embed Watch Content */,
			);
			buildRules = (
			);
			dependencies = (
				1317922B2D59269500D14619 /* PBXTargetDependency */,
			);
			fileSystemSynchronizedGroups = (
				13F8F8BA2D4F741400446265 /* BitTrend */,
			);
			name = BitTrend;
			packageProductDependencies = (
			);
			productName = BitTrend;
			productReference = 13F8F8B82D4F741400446265 /* BitTrend.app */;
			productType = "com.apple.product-type.application";
		};
		13F8F8C82D4F741500446265 /* BitTrendTests */ = {
			isa = PBXNativeTarget;
			buildConfigurationList = 13F8F8E02D4F741500446265 /* Build configuration list for PBXNativeTarget "BitTrendTests" */;
			buildPhases = (
				13F8F8C52D4F741500446265 /* Sources */,
				13F8F8C62D4F741500446265 /* Frameworks */,
				13F8F8C72D4F741500446265 /* Resources */,
			);
			buildRules = (
			);
			dependencies = (
				13F8F8CB2D4F741500446265 /* PBXTargetDependency */,
			);
			fileSystemSynchronizedGroups = (
				13F8F8CC2D4F741500446265 /* BitTrendTests */,
			);
			name = BitTrendTests;
			packageProductDependencies = (
			);
			productName = BitTrendTests;
			productReference = 13F8F8C92D4F741500446265 /* BitTrendTests.xctest */;
			productType = "com.apple.product-type.bundle.unit-test";
		};
		13F8F8D22D4F741500446265 /* BitTrendUITests */ = {
			isa = PBXNativeTarget;
			buildConfigurationList = 13F8F8E32D4F741500446265 /* Build configuration list for PBXNativeTarget "BitTrendUITests" */;
			buildPhases = (
				13F8F8CF2D4F741500446265 /* Sources */,
				13F8F8D02D4F741500446265 /* Frameworks */,
				13F8F8D12D4F741500446265 /* Resources */,
			);
			buildRules = (
			);
			dependencies = (
				13F8F8D52D4F741500446265 /* PBXTargetDependency */,
			);
			fileSystemSynchronizedGroups = (
				13F8F8D62D4F741500446265 /* BitTrendUITests */,
			);
			name = BitTrendUITests;
			packageProductDependencies = (
			);
			productName = BitTrendUITests;
			productReference = 13F8F8D32D4F741500446265 /* BitTrendUITests.xctest */;
			productType = "com.apple.product-type.bundle.ui-testing";
		};
/* End PBXNativeTarget section */

/* Begin PBXProject section */
		13F8F8B02D4F741400446265 /* Project object */ = {
			isa = PBXProject;
			attributes = {
				BuildIndependentTargetsInParallel = 1;
				LastSwiftUpdateCheck = 1620;
				LastUpgradeCheck = 1620;
				TargetAttributes = {
					131792082D59269400D14619 = {
						CreatedOnToolsVersion = 16.2;
					};
					13F8F8B72D4F741400446265 = {
						CreatedOnToolsVersion = 16.2;
					};
					13F8F8C82D4F741500446265 = {
						CreatedOnToolsVersion = 16.2;
						TestTargetID = 13F8F8B72D4F741400446265;
					};
					13F8F8D22D4F741500446265 = {
						CreatedOnToolsVersion = 16.2;
						TestTargetID = 13F8F8B72D4F741400446265;
					};
				};
			};
			buildConfigurationList = 13F8F8B32D4F741400446265 /* Build configuration list for PBXProject "BitTrend" */;
			developmentRegion = en;
			hasScannedForEncodings = 0;
			knownRegions = (
				en,
				Base,
				it,
			);
			mainGroup = 13F8F8AF2D4F741400446265;
			minimizedProjectReferenceProxies = 1;
			preferredProjectObjectVersion = 77;
			productRefGroup = 13F8F8B92D4F741400446265 /* Products */;
			projectDirPath = "";
			projectRoot = "";
			targets = (
				13F8F8B72D4F741400446265 /* BitTrend */,
				13F8F8C82D4F741500446265 /* BitTrendTests */,
				13F8F8D22D4F741500446265 /* BitTrendUITests */,
				131792082D59269400D14619 /* BitTrendWatchApp */,
			);
		};
/* End PBXProject section */

/* Begin PBXResourcesBuildPhase section */
		131792072D59269400D14619 /* Resources */ = {
			isa = PBXResourcesBuildPhase;
			buildActionMask = 2147483647;
			files = (
			);
			runOnlyForDeploymentPostprocessing = 0;
		};
		13F8F8B62D4F741400446265 /* Resources */ = {
			isa = PBXResourcesBuildPhase;
			buildActionMask = 2147483647;
			files = (
			);
			runOnlyForDeploymentPostprocessing = 0;
		};
		13F8F8C72D4F741500446265 /* Resources */ = {
			isa = PBXResourcesBuildPhase;
			buildActionMask = 2147483647;
			files = (
			);
			runOnlyForDeploymentPostprocessing = 0;
		};
		13F8F8D12D4F741500446265 /* Resources */ = {
			isa = PBXResourcesBuildPhase;
			buildActionMask = 2147483647;
			files = (
			);
			runOnlyForDeploymentPostprocessing = 0;
		};
/* End PBXResourcesBuildPhase section */

/* Begin PBXSourcesBuildPhase section */
		131792052D59269400D14619 /* Sources */ = {
			isa = PBXSourcesBuildPhase;
			buildActionMask = 2147483647;
			files = (
			);
			runOnlyForDeploymentPostprocessing = 0;
		};
		13F8F8B42D4F741400446265 /* Sources */ = {
			isa = PBXSourcesBuildPhase;
			buildActionMask = 2147483647;
			files = (
			);
			runOnlyForDeploymentPostprocessing = 0;
		};
		13F8F8C52D4F741500446265 /* Sources */ = {
			isa = PBXSourcesBuildPhase;
			buildActionMask = 2147483647;
			files = (
			);
			runOnlyForDeploymentPostprocessing = 0;
		};
		13F8F8CF2D4F741500446265 /* Sources */ = {
			isa = PBXSourcesBuildPhase;
			buildActionMask = 2147483647;
			files = (
			);
			runOnlyForDeploymentPostprocessing = 0;
		};
/* End PBXSourcesBuildPhase section */

/* Begin PBXTargetDependency section */
		1317922B2D59269500D14619 /* PBXTargetDependency */ = {
			isa = PBXTargetDependency;
			target = 131792082D59269400D14619 /* BitTrendWatchApp */;
			targetProxy = 1317922A2D59269500D14619 /* PBXContainerItemProxy */;
		};
		13F8F8CB2D4F741500446265 /* PBXTargetDependency */ = {
			isa = PBXTargetDependency;
			target = 13F8F8B72D4F741400446265 /* BitTrend */;
			targetProxy = 13F8F8CA2D4F741500446265 /* PBXContainerItemProxy */;
		};
		13F8F8D52D4F741500446265 /* PBXTargetDependency */ = {
			isa = PBXTargetDependency;
			target = 13F8F8B72D4F741400446265 /* BitTrend */;
			targetProxy = 13F8F8D42D4F741500446265 /* PBXContainerItemProxy */;
		};
/* End PBXTargetDependency section */

/* Begin XCBuildConfiguration section */
		1317922E2D59269500D14619 /* Debug */ = {
			isa = XCBuildConfiguration;
			buildSettings = {
				ASSETCATALOG_COMPILER_APPICON_NAME = AppIcon;
				ASSETCATALOG_COMPILER_GLOBAL_ACCENT_COLOR_NAME = AccentColor;
				CODE_SIGN_STYLE = Automatic;
				DEVELOPMENT_ASSET_PATHS = "\"BitTrendWatchApp/Preview Content\"";
				DEVELOPMENT_TEAM = 3ARM2VP59N;
				ENABLE_PREVIEWS = YES;
				GENERATE_INFOPLIST_FILE = YES;
				INFOPLIST_FILE = "BitTrendWatchApp-Watch-App-Info.plist";
				INFOPLIST_KEY_CFBundleDisplayName = BitTrendWatchApp;
				INFOPLIST_KEY_UISupportedInterfaceOrientations = "UIInterfaceOrientationPortrait UIInterfaceOrientationPortraitUpsideDown";
				INFOPLIST_KEY_WKCompanionAppBundleIdentifier = it.gabrielecarbutto.BitTrend;
				INFOPLIST_KEY_WKRunsIndependentlyOfCompanionApp = YES;
				LD_RUNPATH_SEARCH_PATHS = (
					"$(inherited)",
					"@executable_path/Frameworks",
				);
				PRODUCT_BUNDLE_IDENTIFIER = it.gabrielecarbutto.BitTrend.watchkitapp;
				PRODUCT_NAME = "$(TARGET_NAME)";
				SDKROOT = watchos;
				SKIP_INSTALL = YES;
				SWIFT_EMIT_LOC_STRINGS = YES;
				SWIFT_VERSION = 5.0;
				TARGETED_DEVICE_FAMILY = 4;
				WATCHOS_DEPLOYMENT_TARGET = 11.0;
			};
			name = Debug;
		};
		1317922F2D59269500D14619 /* Release */ = {
			isa = XCBuildConfiguration;
			buildSettings = {
				ASSETCATALOG_COMPILER_APPICON_NAME = AppIcon;
				ASSETCATALOG_COMPILER_GLOBAL_ACCENT_COLOR_NAME = AccentColor;
				CODE_SIGN_STYLE = Automatic;
				DEVELOPMENT_ASSET_PATHS = "\"BitTrendWatchApp/Preview Content\"";
				DEVELOPMENT_TEAM = 3ARM2VP59N;
				ENABLE_PREVIEWS = YES;
				GENERATE_INFOPLIST_FILE = YES;
				INFOPLIST_FILE = "BitTrendWatchApp-Watch-App-Info.plist";
				INFOPLIST_KEY_CFBundleDisplayName = BitTrendWatchApp;
				INFOPLIST_KEY_UISupportedInterfaceOrientations = "UIInterfaceOrientationPortrait UIInterfaceOrientationPortraitUpsideDown";
				INFOPLIST_KEY_WKCompanionAppBundleIdentifier = it.gabrielecarbutto.BitTrend;
				INFOPLIST_KEY_WKRunsIndependentlyOfCompanionApp = YES;
				LD_RUNPATH_SEARCH_PATHS = (
					"$(inherited)",
					"@executable_path/Frameworks",
				);
				PRODUCT_BUNDLE_IDENTIFIER = it.gabrielecarbutto.BitTrend.watchkitapp;
				PRODUCT_NAME = "$(TARGET_NAME)";
				SDKROOT = watchos;
				SKIP_INSTALL = YES;
				SWIFT_EMIT_LOC_STRINGS = YES;
				SWIFT_VERSION = 5.0;
				TARGETED_DEVICE_FAMILY = 4;
				VALIDATE_PRODUCT = YES;
				WATCHOS_DEPLOYMENT_TARGET = 11.0;
			};
			name = Release;
		};
		13F8F8DB2D4F741500446265 /* Debug */ = {
			isa = XCBuildConfiguration;
			baseConfigurationReferenceAnchor = 13F8F8BA2D4F741400446265 /* BitTrend */;
			baseConfigurationReferenceRelativePath = Config.xcconfig;
			buildSettings = {
				ALWAYS_SEARCH_USER_PATHS = NO;
				ASSETCATALOG_COMPILER_GENERATE_SWIFT_ASSET_SYMBOL_EXTENSIONS = YES;
				CLANG_ANALYZER_NONNULL = YES;
				CLANG_ANALYZER_NUMBER_OBJECT_CONVERSION = YES_AGGRESSIVE;
				CLANG_CXX_LANGUAGE_STANDARD = "gnu++20";
				CLANG_ENABLE_MODULES = YES;
				CLANG_ENABLE_OBJC_ARC = YES;
				CLANG_ENABLE_OBJC_WEAK = YES;
				CLANG_WARN_BLOCK_CAPTURE_AUTORELEASING = YES;
				CLANG_WARN_BOOL_CONVERSION = YES;
				CLANG_WARN_COMMA = YES;
				CLANG_WARN_CONSTANT_CONVERSION = YES;
				CLANG_WARN_DEPRECATED_OBJC_IMPLEMENTATIONS = YES;
				CLANG_WARN_DIRECT_OBJC_ISA_USAGE = YES_ERROR;
				CLANG_WARN_DOCUMENTATION_COMMENTS = YES;
				CLANG_WARN_EMPTY_BODY = YES;
				CLANG_WARN_ENUM_CONVERSION = YES;
				CLANG_WARN_INFINITE_RECURSION = YES;
				CLANG_WARN_INT_CONVERSION = YES;
				CLANG_WARN_NON_LITERAL_NULL_CONVERSION = YES;
				CLANG_WARN_OBJC_IMPLICIT_RETAIN_SELF = YES;
				CLANG_WARN_OBJC_LITERAL_CONVERSION = YES;
				CLANG_WARN_OBJC_ROOT_CLASS = YES_ERROR;
				CLANG_WARN_QUOTED_INCLUDE_IN_FRAMEWORK_HEADER = YES;
				CLANG_WARN_RANGE_LOOP_ANALYSIS = YES;
				CLANG_WARN_STRICT_PROTOTYPES = YES;
				CLANG_WARN_SUSPICIOUS_MOVE = YES;
				CLANG_WARN_UNGUARDED_AVAILABILITY = YES_AGGRESSIVE;
				CLANG_WARN_UNREACHABLE_CODE = YES;
				CLANG_WARN__DUPLICATE_METHOD_MATCH = YES;
				COPY_PHASE_STRIP = NO;
				DEBUG_INFORMATION_FORMAT = dwarf;
				ENABLE_STRICT_OBJC_MSGSEND = YES;
				ENABLE_TESTABILITY = YES;
				ENABLE_USER_SCRIPT_SANDBOXING = YES;
				GCC_C_LANGUAGE_STANDARD = gnu17;
				GCC_DYNAMIC_NO_PIC = NO;
				GCC_NO_COMMON_BLOCKS = YES;
				GCC_OPTIMIZATION_LEVEL = 0;
				GCC_PREPROCESSOR_DEFINITIONS = (
					"DEBUG=1",
					"$(inherited)",
				);
				GCC_WARN_64_TO_32_BIT_CONVERSION = YES;
				GCC_WARN_ABOUT_RETURN_TYPE = YES_ERROR;
				GCC_WARN_UNDECLARED_SELECTOR = YES;
				GCC_WARN_UNINITIALIZED_AUTOS = YES_AGGRESSIVE;
				GCC_WARN_UNUSED_FUNCTION = YES;
				GCC_WARN_UNUSED_VARIABLE = YES;
				LOCALIZATION_PREFERS_STRING_CATALOGS = YES;
				MTL_ENABLE_DEBUG_INFO = INCLUDE_SOURCE;
				MTL_FAST_MATH = YES;
				ONLY_ACTIVE_ARCH = YES;
				SWIFT_ACTIVE_COMPILATION_CONDITIONS = "DEBUG $(inherited)";
				SWIFT_EMIT_LOC_STRINGS = YES;
				SWIFT_OPTIMIZATION_LEVEL = "-Onone";
			};
			name = Debug;
		};
		13F8F8DC2D4F741500446265 /* Release */ = {
			isa = XCBuildConfiguration;
			baseConfigurationReferenceAnchor = 13F8F8BA2D4F741400446265 /* BitTrend */;
			baseConfigurationReferenceRelativePath = Config.xcconfig;
			buildSettings = {
				ALWAYS_SEARCH_USER_PATHS = NO;
				ASSETCATALOG_COMPILER_GENERATE_SWIFT_ASSET_SYMBOL_EXTENSIONS = YES;
				CLANG_ANALYZER_NONNULL = YES;
				CLANG_ANALYZER_NUMBER_OBJECT_CONVERSION = YES_AGGRESSIVE;
				CLANG_CXX_LANGUAGE_STANDARD = "gnu++20";
				CLANG_ENABLE_MODULES = YES;
				CLANG_ENABLE_OBJC_ARC = YES;
				CLANG_ENABLE_OBJC_WEAK = YES;
				CLANG_WARN_BLOCK_CAPTURE_AUTORELEASING = YES;
				CLANG_WARN_BOOL_CONVERSION = YES;
				CLANG_WARN_COMMA = YES;
				CLANG_WARN_CONSTANT_CONVERSION = YES;
				CLANG_WARN_DEPRECATED_OBJC_IMPLEMENTATIONS = YES;
				CLANG_WARN_DIRECT_OBJC_ISA_USAGE = YES_ERROR;
				CLANG_WARN_DOCUMENTATION_COMMENTS = YES;
				CLANG_WARN_EMPTY_BODY = YES;
				CLANG_WARN_ENUM_CONVERSION = YES;
				CLANG_WARN_INFINITE_RECURSION = YES;
				CLANG_WARN_INT_CONVERSION = YES;
				CLANG_WARN_NON_LITERAL_NULL_CONVERSION = YES;
				CLANG_WARN_OBJC_IMPLICIT_RETAIN_SELF = YES;
				CLANG_WARN_OBJC_LITERAL_CONVERSION = YES;
				CLANG_WARN_OBJC_ROOT_CLASS = YES_ERROR;
				CLANG_WARN_QUOTED_INCLUDE_IN_FRAMEWORK_HEADER = YES;
				CLANG_WARN_RANGE_LOOP_ANALYSIS = YES;
				CLANG_WARN_STRICT_PROTOTYPES = YES;
				CLANG_WARN_SUSPICIOUS_MOVE = YES;
				CLANG_WARN_UNGUARDED_AVAILABILITY = YES_AGGRESSIVE;
				CLANG_WARN_UNREACHABLE_CODE = YES;
				CLANG_WARN__DUPLICATE_METHOD_MATCH = YES;
				COPY_PHASE_STRIP = NO;
				DEBUG_INFORMATION_FORMAT = "dwarf-with-dsym";
				ENABLE_NS_ASSERTIONS = NO;
				ENABLE_STRICT_OBJC_MSGSEND = YES;
				ENABLE_USER_SCRIPT_SANDBOXING = YES;
				GCC_C_LANGUAGE_STANDARD = gnu17;
				GCC_NO_COMMON_BLOCKS = YES;
				GCC_WARN_64_TO_32_BIT_CONVERSION = YES;
				GCC_WARN_ABOUT_RETURN_TYPE = YES_ERROR;
				GCC_WARN_UNDECLARED_SELECTOR = YES;
				GCC_WARN_UNINITIALIZED_AUTOS = YES_AGGRESSIVE;
				GCC_WARN_UNUSED_FUNCTION = YES;
				GCC_WARN_UNUSED_VARIABLE = YES;
				LOCALIZATION_PREFERS_STRING_CATALOGS = YES;
				MTL_ENABLE_DEBUG_INFO = NO;
				MTL_FAST_MATH = YES;
				SWIFT_COMPILATION_MODE = wholemodule;
				SWIFT_EMIT_LOC_STRINGS = YES;
			};
			name = Release;
		};
		13F8F8DE2D4F741500446265 /* Debug */ = {
			isa = XCBuildConfiguration;
			buildSettings = {
				ASSETCATALOG_COMPILER_APPICON_NAME = AppIcon;
				ASSETCATALOG_COMPILER_GLOBAL_ACCENT_COLOR_NAME = AccentColor;
				CODE_SIGN_ENTITLEMENTS = BitTrend/BitTrend.entitlements;
				CODE_SIGN_STYLE = Automatic;
				DEVELOPMENT_ASSET_PATHS = "\"BitTrend/Preview Content\"";
				DEVELOPMENT_TEAM = 3ARM2VP59N;
				ENABLE_HARDENED_RUNTIME = YES;
				ENABLE_PREVIEWS = YES;
				GENERATE_INFOPLIST_FILE = YES;
				INFOPLIST_FILE = BitTrend/Info.plist;
				"INFOPLIST_KEY_UIApplicationSceneManifest_Generation[sdk=iphoneos*]" = YES;
				"INFOPLIST_KEY_UIApplicationSceneManifest_Generation[sdk=iphonesimulator*]" = YES;
				"INFOPLIST_KEY_UIApplicationSupportsIndirectInputEvents[sdk=iphoneos*]" = YES;
				"INFOPLIST_KEY_UIApplicationSupportsIndirectInputEvents[sdk=iphonesimulator*]" = YES;
				"INFOPLIST_KEY_UILaunchScreen_Generation[sdk=iphoneos*]" = YES;
				"INFOPLIST_KEY_UILaunchScreen_Generation[sdk=iphonesimulator*]" = YES;
				"INFOPLIST_KEY_UIStatusBarStyle[sdk=iphoneos*]" = UIStatusBarStyleDefault;
				"INFOPLIST_KEY_UIStatusBarStyle[sdk=iphonesimulator*]" = UIStatusBarStyleDefault;
				INFOPLIST_KEY_UISupportedInterfaceOrientations_iPad = "UIInterfaceOrientationPortrait UIInterfaceOrientationPortraitUpsideDown UIInterfaceOrientationLandscapeLeft UIInterfaceOrientationLandscapeRight";
				INFOPLIST_KEY_UISupportedInterfaceOrientations_iPhone = "UIInterfaceOrientationPortrait UIInterfaceOrientationLandscapeLeft UIInterfaceOrientationLandscapeRight";
				IPHONEOS_DEPLOYMENT_TARGET = 18.0;
				LD_RUNPATH_SEARCH_PATHS = "@executable_path/Frameworks";
				"LD_RUNPATH_SEARCH_PATHS[sdk=macosx*]" = "@executable_path/../Frameworks";
				MACOSX_DEPLOYMENT_TARGET = 15.2;
				PRODUCT_BUNDLE_IDENTIFIER = it.gabrielecarbutto.BitTrend;
				PRODUCT_NAME = "$(TARGET_NAME)";
				SDKROOT = auto;
				SUPPORTED_PLATFORMS = "iphoneos iphonesimulator";
				SUPPORTS_MACCATALYST = NO;
				SWIFT_EMIT_LOC_STRINGS = YES;
				SWIFT_VERSION = 5.0;
				TARGETED_DEVICE_FAMILY = "1,2";
				XROS_DEPLOYMENT_TARGET = 2.2;
			};
			name = Debug;
		};
		13F8F8DF2D4F741500446265 /* Release */ = {
			isa = XCBuildConfiguration;
			buildSettings = {
				ASSETCATALOG_COMPILER_APPICON_NAME = AppIcon;
				ASSETCATALOG_COMPILER_GLOBAL_ACCENT_COLOR_NAME = AccentColor;
				CODE_SIGN_ENTITLEMENTS = BitTrend/BitTrend.entitlements;
				CODE_SIGN_STYLE = Automatic;
				DEVELOPMENT_ASSET_PATHS = "\"BitTrend/Preview Content\"";
				DEVELOPMENT_TEAM = 3ARM2VP59N;
				ENABLE_HARDENED_RUNTIME = YES;
				ENABLE_PREVIEWS = YES;
				GENERATE_INFOPLIST_FILE = YES;
				INFOPLIST_FILE = BitTrend/Info.plist;
				"INFOPLIST_KEY_UIApplicationSceneManifest_Generation[sdk=iphoneos*]" = YES;
				"INFOPLIST_KEY_UIApplicationSceneManifest_Generation[sdk=iphonesimulator*]" = YES;
				"INFOPLIST_KEY_UIApplicationSupportsIndirectInputEvents[sdk=iphoneos*]" = YES;
				"INFOPLIST_KEY_UIApplicationSupportsIndirectInputEvents[sdk=iphonesimulator*]" = YES;
				"INFOPLIST_KEY_UILaunchScreen_Generation[sdk=iphoneos*]" = YES;
				"INFOPLIST_KEY_UILaunchScreen_Generation[sdk=iphonesimulator*]" = YES;
				"INFOPLIST_KEY_UIStatusBarStyle[sdk=iphoneos*]" = UIStatusBarStyleDefault;
				"INFOPLIST_KEY_UIStatusBarStyle[sdk=iphonesimulator*]" = UIStatusBarStyleDefault;
				INFOPLIST_KEY_UISupportedInterfaceOrientations_iPad = "UIInterfaceOrientationPortrait UIInterfaceOrientationPortraitUpsideDown UIInterfaceOrientationLandscapeLeft UIInterfaceOrientationLandscapeRight";
				INFOPLIST_KEY_UISupportedInterfaceOrientations_iPhone = "UIInterfaceOrientationPortrait UIInterfaceOrientationLandscapeLeft UIInterfaceOrientationLandscapeRight";
				IPHONEOS_DEPLOYMENT_TARGET = 18.0;
				LD_RUNPATH_SEARCH_PATHS = "@executable_path/Frameworks";
				"LD_RUNPATH_SEARCH_PATHS[sdk=macosx*]" = "@executable_path/../Frameworks";
				MACOSX_DEPLOYMENT_TARGET = 15.2;
				PRODUCT_BUNDLE_IDENTIFIER = it.gabrielecarbutto.BitTrend;
				PRODUCT_NAME = "$(TARGET_NAME)";
				SDKROOT = auto;
				SUPPORTED_PLATFORMS = "iphoneos iphonesimulator";
				SUPPORTS_MACCATALYST = NO;
				SWIFT_EMIT_LOC_STRINGS = YES;
				SWIFT_VERSION = 5.0;
				TARGETED_DEVICE_FAMILY = "1,2";
				XROS_DEPLOYMENT_TARGET = 2.2;
			};
			name = Release;
		};
		13F8F8E12D4F741500446265 /* Debug */ = {
			isa = XCBuildConfiguration;
			buildSettings = {
				BUNDLE_LOADER = "$(TEST_HOST)";
				CODE_SIGN_STYLE = Automatic;
				DEVELOPMENT_TEAM = 3ARM2VP59N;
				GENERATE_INFOPLIST_FILE = YES;
				IPHONEOS_DEPLOYMENT_TARGET = 18.2;
				MACOSX_DEPLOYMENT_TARGET = 15.2;
				PRODUCT_BUNDLE_IDENTIFIER = it.gabrielecarbutto.BitTrendTests;
				PRODUCT_NAME = "$(TARGET_NAME)";
				SDKROOT = auto;
				SUPPORTED_PLATFORMS = "iphoneos iphonesimulator macosx xros xrsimulator";
				SWIFT_EMIT_LOC_STRINGS = NO;
				SWIFT_VERSION = 5.0;
				TARGETED_DEVICE_FAMILY = "1,2,7";
				TEST_HOST = "$(BUILT_PRODUCTS_DIR)/BitTrend.app/$(BUNDLE_EXECUTABLE_FOLDER_PATH)/BitTrend";
				XROS_DEPLOYMENT_TARGET = 2.2;
			};
			name = Debug;
		};
		13F8F8E22D4F741500446265 /* Release */ = {
			isa = XCBuildConfiguration;
			buildSettings = {
				BUNDLE_LOADER = "$(TEST_HOST)";
				CODE_SIGN_STYLE = Automatic;
				DEVELOPMENT_TEAM = 3ARM2VP59N;
				GENERATE_INFOPLIST_FILE = YES;
				IPHONEOS_DEPLOYMENT_TARGET = 18.2;
				MACOSX_DEPLOYMENT_TARGET = 15.2;
				PRODUCT_BUNDLE_IDENTIFIER = it.gabrielecarbutto.BitTrendTests;
				PRODUCT_NAME = "$(TARGET_NAME)";
				SDKROOT = auto;
				SUPPORTED_PLATFORMS = "iphoneos iphonesimulator macosx xros xrsimulator";
				SWIFT_EMIT_LOC_STRINGS = NO;
				SWIFT_VERSION = 5.0;
				TARGETED_DEVICE_FAMILY = "1,2,7";
				TEST_HOST = "$(BUILT_PRODUCTS_DIR)/BitTrend.app/$(BUNDLE_EXECUTABLE_FOLDER_PATH)/BitTrend";
				XROS_DEPLOYMENT_TARGET = 2.2;
			};
			name = Release;
		};
		13F8F8E42D4F741500446265 /* Debug */ = {
			isa = XCBuildConfiguration;
			buildSettings = {
				CODE_SIGN_STYLE = Automatic;
				DEVELOPMENT_TEAM = 3ARM2VP59N;
				GENERATE_INFOPLIST_FILE = YES;
				IPHONEOS_DEPLOYMENT_TARGET = 18.2;
				MACOSX_DEPLOYMENT_TARGET = 15.2;
				PRODUCT_BUNDLE_IDENTIFIER = it.gabrielecarbutto.BitTrendUITests;
				PRODUCT_NAME = "$(TARGET_NAME)";
				SDKROOT = auto;
				SUPPORTED_PLATFORMS = "iphoneos iphonesimulator macosx xros xrsimulator";
				SWIFT_EMIT_LOC_STRINGS = NO;
				SWIFT_VERSION = 5.0;
				TARGETED_DEVICE_FAMILY = "1,2,7";
				TEST_TARGET_NAME = BitTrend;
				XROS_DEPLOYMENT_TARGET = 2.2;
			};
			name = Debug;
		};
		13F8F8E52D4F741500446265 /* Release */ = {
			isa = XCBuildConfiguration;
			buildSettings = {
				CODE_SIGN_STYLE = Automatic;
				DEVELOPMENT_TEAM = 3ARM2VP59N;
				GENERATE_INFOPLIST_FILE = YES;
				IPHONEOS_DEPLOYMENT_TARGET = 18.2;
				MACOSX_DEPLOYMENT_TARGET = 15.2;
				PRODUCT_BUNDLE_IDENTIFIER = it.gabrielecarbutto.BitTrendUITests;
				PRODUCT_NAME = "$(TARGET_NAME)";
				SDKROOT = auto;
				SUPPORTED_PLATFORMS = "iphoneos iphonesimulator macosx xros xrsimulator";
				SWIFT_EMIT_LOC_STRINGS = NO;
				SWIFT_VERSION = 5.0;
				TARGETED_DEVICE_FAMILY = "1,2,7";
				TEST_TARGET_NAME = BitTrend;
				XROS_DEPLOYMENT_TARGET = 2.2;
			};
			name = Release;
		};
/* End XCBuildConfiguration section */

/* Begin XCConfigurationList section */
		131792342D59269500D14619 /* Build configuration list for PBXNativeTarget "BitTrendWatchApp" */ = {
			isa = XCConfigurationList;
			buildConfigurations = (
				1317922E2D59269500D14619 /* Debug */,
				1317922F2D59269500D14619 /* Release */,
			);
			defaultConfigurationIsVisible = 0;
			defaultConfigurationName = Release;
		};
		13F8F8B32D4F741400446265 /* Build configuration list for PBXProject "BitTrend" */ = {
			isa = XCConfigurationList;
			buildConfigurations = (
				13F8F8DB2D4F741500446265 /* Debug */,
				13F8F8DC2D4F741500446265 /* Release */,
			);
			defaultConfigurationIsVisible = 0;
			defaultConfigurationName = Release;
		};
		13F8F8DD2D4F741500446265 /* Build configuration list for PBXNativeTarget "BitTrend" */ = {
			isa = XCConfigurationList;
			buildConfigurations = (
				13F8F8DE2D4F741500446265 /* Debug */,
				13F8F8DF2D4F741500446265 /* Release */,
			);
			defaultConfigurationIsVisible = 0;
			defaultConfigurationName = Release;
		};
		13F8F8E02D4F741500446265 /* Build configuration list for PBXNativeTarget "BitTrendTests" */ = {
			isa = XCConfigurationList;
			buildConfigurations = (
				13F8F8E12D4F741500446265 /* Debug */,
				13F8F8E22D4F741500446265 /* Release */,
			);
			defaultConfigurationIsVisible = 0;
			defaultConfigurationName = Release;
		};
		13F8F8E32D4F741500446265 /* Build configuration list for PBXNativeTarget "BitTrendUITests" */ = {
			isa = XCConfigurationList;
			buildConfigurations = (
				13F8F8E42D4F741500446265 /* Debug */,
				13F8F8E52D4F741500446265 /* Release */,
			);
			defaultConfigurationIsVisible = 0;
			defaultConfigurationName = Release;
		};
/* End XCConfigurationList section */
	};
	rootObject = 13F8F8B02D4F741400446265 /* Project object */;
}
